
Microsoft Visual Studio Solution File, Format Version 12.00
# Visual Studio 15
VisualStudioVersion = 15.0.27130.2024
MinimumVisualStudioVersion = 10.0.40219.1
Project("{2150E333-8FDC-42A3-9474-1A3956D46DE8}") = "Solution Items", "Solution Items", "{D65C950A-327A-496D-A49C-B45E8F97C610}"
	ProjectSection(SolutionItems) = preProject
		.editorconfig = .editorconfig
		.XamlStyler = .XamlStyler
		src\Resources\Art_Of_Escapism_-_Universe_Words.mp3 = src\Resources\Art_Of_Escapism_-_Universe_Words.mp3
		src\Resources\client_secret.json = src\Resources\client_secret.json
		NuGet.Config = NuGet.Config
		src\Resources\SharedAssemblyInfo.cs = src\Resources\SharedAssemblyInfo.cs
	EndProjectSection
EndProject
Project("{FAE04EC0-301F-11D3-BF4B-00C04F79EFBC}") = "Maple", "src\Maple\Maple.csproj", "{FBD5595B-6859-4E8E-BDFA-C3169EF34985}"
EndProject
Project("{FAE04EC0-301F-11D3-BF4B-00C04F79EFBC}") = "Maple.Core", "src\Maple.Core\Maple.Core.csproj", "{21FA5854-0692-42E2-924E-A38CF3C7FF71}"
EndProject
Project("{FAE04EC0-301F-11D3-BF4B-00C04F79EFBC}") = "Maple.Data", "src\Maple.Data\Maple.Data.csproj", "{B3CD46BE-3C08-4BAE-AE60-A6D84A62400C}"
EndProject
Project("{FAE04EC0-301F-11D3-BF4B-00C04F79EFBC}") = "Maple.Localization", "src\Maple.Localization\Maple.Localization.csproj", "{A073FC92-90E3-4541-8B52-6F7293187871}"
EndProject
Project("{FAE04EC0-301F-11D3-BF4B-00C04F79EFBC}") = "Maple.Youtube", "src\Maple.Youtube\Maple.Youtube.csproj", "{B5BE546F-8D9F-4FB9-B235-AF05FD553F9E}"
EndProject
Project("{FAE04EC0-301F-11D3-BF4B-00C04F79EFBC}") = "Maple.Test", "src\Maple.Test\Maple.Test.csproj", "{60F95B05-E714-4E0F-BA97-44711EC74210}"
EndProject
Project("{2150E333-8FDC-42A3-9474-1A3956D46DE8}") = "Cake", "Cake", "{E463B2A9-3556-4651-8EEA-0239E20B5393}"
	ProjectSection(SolutionItems) = preProject
		Cake\build.cake = Cake\build.cake
		Cake\build.ps1 = Cake\build.ps1
		Cake\tools\packages.config = Cake\tools\packages.config
	EndProjectSection
EndProject
Project("{FAE04EC0-301F-11D3-BF4B-00C04F79EFBC}") = "Maple.Domain", "src\Maple.Domain\Maple.Domain.csproj", "{9D7D05A6-8271-4836-A7BB-5B2ABECCBD81}"
EndProject
Global
	GlobalSection(SolutionConfigurationPlatforms) = preSolution
		Debug|Any CPU = Debug|Any CPU
		Release|Any CPU = Release|Any CPU
	EndGlobalSection
	GlobalSection(ProjectConfigurationPlatforms) = postSolution
		{FBD5595B-6859-4E8E-BDFA-C3169EF34985}.Debug|Any CPU.ActiveCfg = Debug|Any CPU
		{FBD5595B-6859-4E8E-BDFA-C3169EF34985}.Debug|Any CPU.Build.0 = Debug|Any CPU
		{FBD5595B-6859-4E8E-BDFA-C3169EF34985}.Release|Any CPU.ActiveCfg = Release|Any CPU
		{FBD5595B-6859-4E8E-BDFA-C3169EF34985}.Release|Any CPU.Build.0 = Release|Any CPU
		{21FA5854-0692-42E2-924E-A38CF3C7FF71}.Debug|Any CPU.ActiveCfg = Debug|Any CPU
		{21FA5854-0692-42E2-924E-A38CF3C7FF71}.Debug|Any CPU.Build.0 = Debug|Any CPU
		{21FA5854-0692-42E2-924E-A38CF3C7FF71}.Release|Any CPU.ActiveCfg = Release|Any CPU
		{21FA5854-0692-42E2-924E-A38CF3C7FF71}.Release|Any CPU.Build.0 = Release|Any CPU
		{B3CD46BE-3C08-4BAE-AE60-A6D84A62400C}.Debug|Any CPU.ActiveCfg = Debug|Any CPU
		{B3CD46BE-3C08-4BAE-AE60-A6D84A62400C}.Debug|Any CPU.Build.0 = Debug|Any CPU
		{B3CD46BE-3C08-4BAE-AE60-A6D84A62400C}.Release|Any CPU.ActiveCfg = Release|Any CPU
		{B3CD46BE-3C08-4BAE-AE60-A6D84A62400C}.Release|Any CPU.Build.0 = Release|Any CPU
		{A073FC92-90E3-4541-8B52-6F7293187871}.Debug|Any CPU.ActiveCfg = Debug|Any CPU
		{A073FC92-90E3-4541-8B52-6F7293187871}.Debug|Any CPU.Build.0 = Debug|Any CPU
		{A073FC92-90E3-4541-8B52-6F7293187871}.Release|Any CPU.ActiveCfg = Release|Any CPU
		{A073FC92-90E3-4541-8B52-6F7293187871}.Release|Any CPU.Build.0 = Release|Any CPU
		{B5BE546F-8D9F-4FB9-B235-AF05FD553F9E}.Debug|Any CPU.ActiveCfg = Debug|Any CPU
		{B5BE546F-8D9F-4FB9-B235-AF05FD553F9E}.Debug|Any CPU.Build.0 = Debug|Any CPU
		{B5BE546F-8D9F-4FB9-B235-AF05FD553F9E}.Release|Any CPU.ActiveCfg = Release|Any CPU
		{B5BE546F-8D9F-4FB9-B235-AF05FD553F9E}.Release|Any CPU.Build.0 = Release|Any CPU
		{60F95B05-E714-4E0F-BA97-44711EC74210}.Debug|Any CPU.ActiveCfg = Debug|Any CPU
		{60F95B05-E714-4E0F-BA97-44711EC74210}.Debug|Any CPU.Build.0 = Debug|Any CPU
		{60F95B05-E714-4E0F-BA97-44711EC74210}.Release|Any CPU.ActiveCfg = Release|Any CPU
		{60F95B05-E714-4E0F-BA97-44711EC74210}.Release|Any CPU.Build.0 = Release|Any CPU
		{9D7D05A6-8271-4836-A7BB-5B2ABECCBD81}.Debug|Any CPU.ActiveCfg = Debug|Any CPU
		{9D7D05A6-8271-4836-A7BB-5B2ABECCBD81}.Debug|Any CPU.Build.0 = Debug|Any CPU
		{9D7D05A6-8271-4836-A7BB-5B2ABECCBD81}.Release|Any CPU.ActiveCfg = Release|Any CPU
		{9D7D05A6-8271-4836-A7BB-5B2ABECCBD81}.Release|Any CPU.Build.0 = Release|Any CPU
	EndGlobalSection
	GlobalSection(SolutionProperties) = preSolution
		HideSolutionNode = FALSE
	EndGlobalSection
	GlobalSection(NestedProjects) = preSolution
		{E463B2A9-3556-4651-8EEA-0239E20B5393} = {D65C950A-327A-496D-A49C-B45E8F97C610}
	EndGlobalSection
	GlobalSection(ExtensibilityGlobals) = postSolution
		SolutionGuid = {FB7AD8CC-4699-4B9E-B17E-DF2F7CF26C7A}
	EndGlobalSection
	GlobalSection(Performance) = preSolution
		HasPerformanceSessions = true
	EndGlobalSection
EndGlobal
