
Microsoft Visual Studio Solution File, Format Version 12.00
# Visual Studio Version 16
VisualStudioVersion = 16.0.28803.352
MinimumVisualStudioVersion = 10.0.40219.1
Project("{2150E333-8FDC-42A3-9474-1A3956D46DE8}") = "Solution Items", "Solution Items", "{D65C950A-327A-496D-A49C-B45E8F97C610}"
	ProjectSection(SolutionItems) = preProject
		.editorconfig = .editorconfig
		.XamlStyler = .XamlStyler
		src\Resources\Art_Of_Escapism_-_Universe_Words.mp3 = src\Resources\Art_Of_Escapism_-_Universe_Words.mp3
		src\Resources\client_secret.json = src\Resources\client_secret.json
		src\Resources\SharedAssemblyInfo.cs = src\Resources\SharedAssemblyInfo.cs
	EndProjectSection
EndProject
Project("{9A19103F-16F7-4668-BE54-9A1E7A4F7556}") = "Maple", "src\Maple\Maple.csproj", "{FBD5595B-6859-4E8E-BDFA-C3169EF34985}"
EndProject
Project("{9A19103F-16F7-4668-BE54-9A1E7A4F7556}") = "Maple.Youtube", "src\Maple.Youtube\Maple.Youtube.csproj", "{B5BE546F-8D9F-4FB9-B235-AF05FD553F9E}"
EndProject
Project("{2150E333-8FDC-42A3-9474-1A3956D46DE8}") = "Cake", "Cake", "{E463B2A9-3556-4651-8EEA-0239E20B5393}"
	ProjectSection(SolutionItems) = preProject
		Cake\build.cake = Cake\build.cake
		Cake\build.ps1 = Cake\build.ps1
		Cake\tools\packages.config = Cake\tools\packages.config
	EndProjectSection
EndProject
Project("{9A19103F-16F7-4668-BE54-9A1E7A4F7556}") = "Maple.Domain", "src\Maple.Domain\Maple.Domain.csproj", "{9D7D05A6-8271-4836-A7BB-5B2ABECCBD81}"
EndProject
Project("{9A19103F-16F7-4668-BE54-9A1E7A4F7556}") = "MvvmScarletToolkit.Abstractions", "MvvmScarletToolkit\src\MvvmScarletToolkit.Abstractions\MvvmScarletToolkit.Abstractions.csproj", "{EB99264D-8356-4B45-B181-0E5BDC6DA410}"
EndProject
Project("{9A19103F-16F7-4668-BE54-9A1E7A4F7556}") = "MvvmScarletToolkit.Commands", "MvvmScarletToolkit\src\MvvmScarletToolkit.Commands\MvvmScarletToolkit.Commands.csproj", "{B5788BAD-29D4-4FB9-8DD8-3EE88D168BEA}"
EndProject
Project("{9A19103F-16F7-4668-BE54-9A1E7A4F7556}") = "MvvmScarletToolkit.Messenger", "MvvmScarletToolkit\src\MvvmScarletToolkit.Messenger\MvvmScarletToolkit.Messenger.csproj", "{342CB662-B0AD-42E0-AEC2-55F6ED1FD4BD}"
EndProject
Project("{9A19103F-16F7-4668-BE54-9A1E7A4F7556}") = "MvvmScarletToolkit.Observables", "MvvmScarletToolkit\src\MvvmScarletToolkit.Observables\MvvmScarletToolkit.Observables.csproj", "{F99EE017-FE12-46E1-A07D-58C16967A944}"
EndProject
Project("{9A19103F-16F7-4668-BE54-9A1E7A4F7556}") = "MvvmScarletToolkit.Wpf", "MvvmScarletToolkit\src\MvvmScarletToolkit.Wpf\MvvmScarletToolkit.Wpf.csproj", "{9CE180AA-887E-4C7F-AFA2-479EDA86101D}"
EndProject
Project("{9A19103F-16F7-4668-BE54-9A1E7A4F7556}") = "MvvmScarletToolkit", "MvvmScarletToolkit\src\MvvmScarletToolkit\MvvmScarletToolkit.csproj", "{B86E0222-E14E-4CE2-8EAB-2F838FFC40BE}"
EndProject
Global
	GlobalSection(SolutionConfigurationPlatforms) = preSolution
		Debug|Any CPU = Debug|Any CPU
		Debug|x64 = Debug|x64
		Debug|x86 = Debug|x86
		Release|Any CPU = Release|Any CPU
		Release|x64 = Release|x64
		Release|x86 = Release|x86
	EndGlobalSection
	GlobalSection(ProjectConfigurationPlatforms) = postSolution
		{FBD5595B-6859-4E8E-BDFA-C3169EF34985}.Debug|Any CPU.ActiveCfg = Debug|Any CPU
		{FBD5595B-6859-4E8E-BDFA-C3169EF34985}.Debug|Any CPU.Build.0 = Debug|Any CPU
		{FBD5595B-6859-4E8E-BDFA-C3169EF34985}.Debug|x64.ActiveCfg = Debug|Any CPU
		{FBD5595B-6859-4E8E-BDFA-C3169EF34985}.Debug|x64.Build.0 = Debug|Any CPU
		{FBD5595B-6859-4E8E-BDFA-C3169EF34985}.Debug|x86.ActiveCfg = Debug|Any CPU
		{FBD5595B-6859-4E8E-BDFA-C3169EF34985}.Debug|x86.Build.0 = Debug|Any CPU
		{FBD5595B-6859-4E8E-BDFA-C3169EF34985}.Release|Any CPU.ActiveCfg = Release|Any CPU
		{FBD5595B-6859-4E8E-BDFA-C3169EF34985}.Release|Any CPU.Build.0 = Release|Any CPU
		{FBD5595B-6859-4E8E-BDFA-C3169EF34985}.Release|x64.ActiveCfg = Release|Any CPU
		{FBD5595B-6859-4E8E-BDFA-C3169EF34985}.Release|x64.Build.0 = Release|Any CPU
		{FBD5595B-6859-4E8E-BDFA-C3169EF34985}.Release|x86.ActiveCfg = Release|Any CPU
		{FBD5595B-6859-4E8E-BDFA-C3169EF34985}.Release|x86.Build.0 = Release|Any CPU
		{B5BE546F-8D9F-4FB9-B235-AF05FD553F9E}.Debug|Any CPU.ActiveCfg = Debug|Any CPU
		{B5BE546F-8D9F-4FB9-B235-AF05FD553F9E}.Debug|Any CPU.Build.0 = Debug|Any CPU
		{B5BE546F-8D9F-4FB9-B235-AF05FD553F9E}.Debug|x64.ActiveCfg = Debug|Any CPU
		{B5BE546F-8D9F-4FB9-B235-AF05FD553F9E}.Debug|x64.Build.0 = Debug|Any CPU
		{B5BE546F-8D9F-4FB9-B235-AF05FD553F9E}.Debug|x86.ActiveCfg = Debug|Any CPU
		{B5BE546F-8D9F-4FB9-B235-AF05FD553F9E}.Debug|x86.Build.0 = Debug|Any CPU
		{B5BE546F-8D9F-4FB9-B235-AF05FD553F9E}.Release|Any CPU.ActiveCfg = Release|Any CPU
		{B5BE546F-8D9F-4FB9-B235-AF05FD553F9E}.Release|Any CPU.Build.0 = Release|Any CPU
		{B5BE546F-8D9F-4FB9-B235-AF05FD553F9E}.Release|x64.ActiveCfg = Release|Any CPU
		{B5BE546F-8D9F-4FB9-B235-AF05FD553F9E}.Release|x64.Build.0 = Release|Any CPU
		{B5BE546F-8D9F-4FB9-B235-AF05FD553F9E}.Release|x86.ActiveCfg = Release|Any CPU
		{B5BE546F-8D9F-4FB9-B235-AF05FD553F9E}.Release|x86.Build.0 = Release|Any CPU
		{9D7D05A6-8271-4836-A7BB-5B2ABECCBD81}.Debug|Any CPU.ActiveCfg = Debug|Any CPU
		{9D7D05A6-8271-4836-A7BB-5B2ABECCBD81}.Debug|Any CPU.Build.0 = Debug|Any CPU
		{9D7D05A6-8271-4836-A7BB-5B2ABECCBD81}.Debug|x64.ActiveCfg = Debug|Any CPU
		{9D7D05A6-8271-4836-A7BB-5B2ABECCBD81}.Debug|x64.Build.0 = Debug|Any CPU
		{9D7D05A6-8271-4836-A7BB-5B2ABECCBD81}.Debug|x86.ActiveCfg = Debug|Any CPU
		{9D7D05A6-8271-4836-A7BB-5B2ABECCBD81}.Debug|x86.Build.0 = Debug|Any CPU
		{9D7D05A6-8271-4836-A7BB-5B2ABECCBD81}.Release|Any CPU.ActiveCfg = Release|Any CPU
		{9D7D05A6-8271-4836-A7BB-5B2ABECCBD81}.Release|Any CPU.Build.0 = Release|Any CPU
		{9D7D05A6-8271-4836-A7BB-5B2ABECCBD81}.Release|x64.ActiveCfg = Release|Any CPU
		{9D7D05A6-8271-4836-A7BB-5B2ABECCBD81}.Release|x64.Build.0 = Release|Any CPU
		{9D7D05A6-8271-4836-A7BB-5B2ABECCBD81}.Release|x86.ActiveCfg = Release|Any CPU
		{9D7D05A6-8271-4836-A7BB-5B2ABECCBD81}.Release|x86.Build.0 = Release|Any CPU
		{EB99264D-8356-4B45-B181-0E5BDC6DA410}.Debug|Any CPU.ActiveCfg = Debug|Any CPU
		{EB99264D-8356-4B45-B181-0E5BDC6DA410}.Debug|Any CPU.Build.0 = Debug|Any CPU
		{EB99264D-8356-4B45-B181-0E5BDC6DA410}.Debug|x64.ActiveCfg = Debug|Any CPU
		{EB99264D-8356-4B45-B181-0E5BDC6DA410}.Debug|x64.Build.0 = Debug|Any CPU
		{EB99264D-8356-4B45-B181-0E5BDC6DA410}.Debug|x86.ActiveCfg = Debug|Any CPU
		{EB99264D-8356-4B45-B181-0E5BDC6DA410}.Debug|x86.Build.0 = Debug|Any CPU
		{EB99264D-8356-4B45-B181-0E5BDC6DA410}.Release|Any CPU.ActiveCfg = Release|Any CPU
		{EB99264D-8356-4B45-B181-0E5BDC6DA410}.Release|Any CPU.Build.0 = Release|Any CPU
		{EB99264D-8356-4B45-B181-0E5BDC6DA410}.Release|x64.ActiveCfg = Release|Any CPU
		{EB99264D-8356-4B45-B181-0E5BDC6DA410}.Release|x64.Build.0 = Release|Any CPU
		{EB99264D-8356-4B45-B181-0E5BDC6DA410}.Release|x86.ActiveCfg = Release|Any CPU
		{EB99264D-8356-4B45-B181-0E5BDC6DA410}.Release|x86.Build.0 = Release|Any CPU
		{B5788BAD-29D4-4FB9-8DD8-3EE88D168BEA}.Debug|Any CPU.ActiveCfg = Debug|Any CPU
		{B5788BAD-29D4-4FB9-8DD8-3EE88D168BEA}.Debug|Any CPU.Build.0 = Debug|Any CPU
		{B5788BAD-29D4-4FB9-8DD8-3EE88D168BEA}.Debug|x64.ActiveCfg = Debug|Any CPU
		{B5788BAD-29D4-4FB9-8DD8-3EE88D168BEA}.Debug|x64.Build.0 = Debug|Any CPU
		{B5788BAD-29D4-4FB9-8DD8-3EE88D168BEA}.Debug|x86.ActiveCfg = Debug|Any CPU
		{B5788BAD-29D4-4FB9-8DD8-3EE88D168BEA}.Debug|x86.Build.0 = Debug|Any CPU
		{B5788BAD-29D4-4FB9-8DD8-3EE88D168BEA}.Release|Any CPU.ActiveCfg = Release|Any CPU
		{B5788BAD-29D4-4FB9-8DD8-3EE88D168BEA}.Release|Any CPU.Build.0 = Release|Any CPU
		{B5788BAD-29D4-4FB9-8DD8-3EE88D168BEA}.Release|x64.ActiveCfg = Release|Any CPU
		{B5788BAD-29D4-4FB9-8DD8-3EE88D168BEA}.Release|x64.Build.0 = Release|Any CPU
		{B5788BAD-29D4-4FB9-8DD8-3EE88D168BEA}.Release|x86.ActiveCfg = Release|Any CPU
		{B5788BAD-29D4-4FB9-8DD8-3EE88D168BEA}.Release|x86.Build.0 = Release|Any CPU
		{342CB662-B0AD-42E0-AEC2-55F6ED1FD4BD}.Debug|Any CPU.ActiveCfg = Debug|Any CPU
		{342CB662-B0AD-42E0-AEC2-55F6ED1FD4BD}.Debug|Any CPU.Build.0 = Debug|Any CPU
		{342CB662-B0AD-42E0-AEC2-55F6ED1FD4BD}.Debug|x64.ActiveCfg = Debug|Any CPU
		{342CB662-B0AD-42E0-AEC2-55F6ED1FD4BD}.Debug|x64.Build.0 = Debug|Any CPU
		{342CB662-B0AD-42E0-AEC2-55F6ED1FD4BD}.Debug|x86.ActiveCfg = Debug|Any CPU
		{342CB662-B0AD-42E0-AEC2-55F6ED1FD4BD}.Debug|x86.Build.0 = Debug|Any CPU
		{342CB662-B0AD-42E0-AEC2-55F6ED1FD4BD}.Release|Any CPU.ActiveCfg = Release|Any CPU
		{342CB662-B0AD-42E0-AEC2-55F6ED1FD4BD}.Release|Any CPU.Build.0 = Release|Any CPU
		{342CB662-B0AD-42E0-AEC2-55F6ED1FD4BD}.Release|x64.ActiveCfg = Release|Any CPU
		{342CB662-B0AD-42E0-AEC2-55F6ED1FD4BD}.Release|x64.Build.0 = Release|Any CPU
		{342CB662-B0AD-42E0-AEC2-55F6ED1FD4BD}.Release|x86.ActiveCfg = Release|Any CPU
		{342CB662-B0AD-42E0-AEC2-55F6ED1FD4BD}.Release|x86.Build.0 = Release|Any CPU
		{F99EE017-FE12-46E1-A07D-58C16967A944}.Debug|Any CPU.ActiveCfg = Debug|Any CPU
		{F99EE017-FE12-46E1-A07D-58C16967A944}.Debug|Any CPU.Build.0 = Debug|Any CPU
		{F99EE017-FE12-46E1-A07D-58C16967A944}.Debug|x64.ActiveCfg = Debug|Any CPU
		{F99EE017-FE12-46E1-A07D-58C16967A944}.Debug|x64.Build.0 = Debug|Any CPU
		{F99EE017-FE12-46E1-A07D-58C16967A944}.Debug|x86.ActiveCfg = Debug|Any CPU
		{F99EE017-FE12-46E1-A07D-58C16967A944}.Debug|x86.Build.0 = Debug|Any CPU
		{F99EE017-FE12-46E1-A07D-58C16967A944}.Release|Any CPU.ActiveCfg = Release|Any CPU
		{F99EE017-FE12-46E1-A07D-58C16967A944}.Release|Any CPU.Build.0 = Release|Any CPU
		{F99EE017-FE12-46E1-A07D-58C16967A944}.Release|x64.ActiveCfg = Release|Any CPU
		{F99EE017-FE12-46E1-A07D-58C16967A944}.Release|x64.Build.0 = Release|Any CPU
		{F99EE017-FE12-46E1-A07D-58C16967A944}.Release|x86.ActiveCfg = Release|Any CPU
		{F99EE017-FE12-46E1-A07D-58C16967A944}.Release|x86.Build.0 = Release|Any CPU
		{9CE180AA-887E-4C7F-AFA2-479EDA86101D}.Debug|Any CPU.ActiveCfg = Debug|Any CPU
		{9CE180AA-887E-4C7F-AFA2-479EDA86101D}.Debug|Any CPU.Build.0 = Debug|Any CPU
		{9CE180AA-887E-4C7F-AFA2-479EDA86101D}.Debug|x64.ActiveCfg = Debug|Any CPU
		{9CE180AA-887E-4C7F-AFA2-479EDA86101D}.Debug|x64.Build.0 = Debug|Any CPU
		{9CE180AA-887E-4C7F-AFA2-479EDA86101D}.Debug|x86.ActiveCfg = Debug|Any CPU
		{9CE180AA-887E-4C7F-AFA2-479EDA86101D}.Debug|x86.Build.0 = Debug|Any CPU
		{9CE180AA-887E-4C7F-AFA2-479EDA86101D}.Release|Any CPU.ActiveCfg = Release|Any CPU
		{9CE180AA-887E-4C7F-AFA2-479EDA86101D}.Release|Any CPU.Build.0 = Release|Any CPU
		{9CE180AA-887E-4C7F-AFA2-479EDA86101D}.Release|x64.ActiveCfg = Release|Any CPU
		{9CE180AA-887E-4C7F-AFA2-479EDA86101D}.Release|x64.Build.0 = Release|Any CPU
		{9CE180AA-887E-4C7F-AFA2-479EDA86101D}.Release|x86.ActiveCfg = Release|Any CPU
		{9CE180AA-887E-4C7F-AFA2-479EDA86101D}.Release|x86.Build.0 = Release|Any CPU
		{B86E0222-E14E-4CE2-8EAB-2F838FFC40BE}.Debug|Any CPU.ActiveCfg = Debug|Any CPU
		{B86E0222-E14E-4CE2-8EAB-2F838FFC40BE}.Debug|Any CPU.Build.0 = Debug|Any CPU
		{B86E0222-E14E-4CE2-8EAB-2F838FFC40BE}.Debug|x64.ActiveCfg = Debug|Any CPU
		{B86E0222-E14E-4CE2-8EAB-2F838FFC40BE}.Debug|x64.Build.0 = Debug|Any CPU
		{B86E0222-E14E-4CE2-8EAB-2F838FFC40BE}.Debug|x86.ActiveCfg = Debug|Any CPU
		{B86E0222-E14E-4CE2-8EAB-2F838FFC40BE}.Debug|x86.Build.0 = Debug|Any CPU
		{B86E0222-E14E-4CE2-8EAB-2F838FFC40BE}.Release|Any CPU.ActiveCfg = Release|Any CPU
		{B86E0222-E14E-4CE2-8EAB-2F838FFC40BE}.Release|Any CPU.Build.0 = Release|Any CPU
		{B86E0222-E14E-4CE2-8EAB-2F838FFC40BE}.Release|x64.ActiveCfg = Release|Any CPU
		{B86E0222-E14E-4CE2-8EAB-2F838FFC40BE}.Release|x64.Build.0 = Release|Any CPU
		{B86E0222-E14E-4CE2-8EAB-2F838FFC40BE}.Release|x86.ActiveCfg = Release|Any CPU
		{B86E0222-E14E-4CE2-8EAB-2F838FFC40BE}.Release|x86.Build.0 = Release|Any CPU
	EndGlobalSection
	GlobalSection(SolutionProperties) = preSolution
		HideSolutionNode = FALSE
	EndGlobalSection
	GlobalSection(NestedProjects) = preSolution
		{E463B2A9-3556-4651-8EEA-0239E20B5393} = {D65C950A-327A-496D-A49C-B45E8F97C610}
	EndGlobalSection
	GlobalSection(ExtensibilityGlobals) = postSolution
		SolutionGuid = {FB7AD8CC-4699-4B9E-B17E-DF2F7CF26C7A}
	EndGlobalSection
	GlobalSection(Performance) = preSolution
		HasPerformanceSessions = true
	EndGlobalSection
EndGlobal
