
Microsoft Visual Studio Solution File, Format Version 12.00
# Visual Studio 14
VisualStudioVersion = 14.0.25123.0
MinimumVisualStudioVersion = 10.0.40219.1
Project("{FAE04EC0-301F-11D3-BF4B-00C04F79EFBC}") = "InsireBot", "InsireBot\InsireBot.csproj", "{FBD5595B-6859-4E8E-BDFA-C3169EF34985}"
EndProject
Project("{FAE04EC0-301F-11D3-BF4B-00C04F79EFBC}") = "VlcWrapper", "VlcWrapper\VlcWrapper.csproj", "{DCE9BD7C-5111-466C-8E3D-E26D5D31AFE3}"
EndProject
Project("{FAE04EC0-301F-11D3-BF4B-00C04F79EFBC}") = "InsireBotCore", "InsireBotCore\InsireBotCore.csproj", "{4E52FF0E-06FD-49C3-B362-595DB8070531}"
EndProject
Project("{FAE04EC0-301F-11D3-BF4B-00C04F79EFBC}") = "Vlc.DotNet.Core - CLR 4 - .Net 4.5", "..\..\Vlc.DotNet-master\src\Vlc.DotNet.Core\Vlc.DotNet.Core - CLR 4 - .Net 4.5.csproj", "{24860783-A729-4A14-98C0-9A34BF138BDB}"
EndProject
Project("{FAE04EC0-301F-11D3-BF4B-00C04F79EFBC}") = "Vlc.DotNet.Core.Interops - CLR 4 - .Net 4.5", "..\..\Vlc.DotNet-master\src\Vlc.DotNet.Core.Interops\Vlc.DotNet.Core.Interops - CLR 4 - .Net 4.5.csproj", "{47E251AE-A5EE-4526-BDC1-3C008936E80A}"
EndProject
Project("{FAE04EC0-301F-11D3-BF4B-00C04F79EFBC}") = "Vlc.DotNet.Wpf - CLR 4 - .Net 4.5", "..\..\Vlc.DotNet-master\src\Vlc.DotNet.Wpf\Vlc.DotNet.Wpf - CLR 4 - .Net 4.5.csproj", "{B1725E81-AAC1-42FC-836D-E0A7CFEBB1E7}"
EndProject
Project("{FAE04EC0-301F-11D3-BF4B-00C04F79EFBC}") = "Vlc.DotNet.Forms - CLR 4 - .Net 4.5", "..\..\Vlc.DotNet-master\src\Vlc.DotNet.Forms\Vlc.DotNet.Forms - CLR 4 - .Net 4.5.csproj", "{914DE831-4DFA-44F6-96C1-27CF3B89A2CD}"
EndProject
Project("{FAE04EC0-301F-11D3-BF4B-00C04F79EFBC}") = "NewVlcWrapper", "NewVlcWrapper\NewVlcWrapper.csproj", "{748CB1A7-F2BD-4DDB-A0BA-040A8A04952A}"
EndProject
Global
	GlobalSection(SolutionConfigurationPlatforms) = preSolution
		AppVeyor|Any CPU = AppVeyor|Any CPU
		AppVeyor|x64 = AppVeyor|x64
		AppVeyor|x86 = AppVeyor|x86
		Debug|Any CPU = Debug|Any CPU
		Debug|x64 = Debug|x64
		Debug|x86 = Debug|x86
		Release|Any CPU = Release|Any CPU
		Release|x64 = Release|x64
		Release|x86 = Release|x86
	EndGlobalSection
	GlobalSection(ProjectConfigurationPlatforms) = postSolution
		{FBD5595B-6859-4E8E-BDFA-C3169EF34985}.AppVeyor|Any CPU.ActiveCfg = Release|Any CPU
		{FBD5595B-6859-4E8E-BDFA-C3169EF34985}.AppVeyor|Any CPU.Build.0 = Release|Any CPU
		{FBD5595B-6859-4E8E-BDFA-C3169EF34985}.AppVeyor|x64.ActiveCfg = Debug|Any CPU
		{FBD5595B-6859-4E8E-BDFA-C3169EF34985}.AppVeyor|x64.Build.0 = Debug|Any CPU
		{FBD5595B-6859-4E8E-BDFA-C3169EF34985}.AppVeyor|x86.ActiveCfg = Release|x86
		{FBD5595B-6859-4E8E-BDFA-C3169EF34985}.AppVeyor|x86.Build.0 = Release|x86
		{FBD5595B-6859-4E8E-BDFA-C3169EF34985}.Debug|Any CPU.ActiveCfg = Debug|Any CPU
		{FBD5595B-6859-4E8E-BDFA-C3169EF34985}.Debug|Any CPU.Build.0 = Debug|Any CPU
		{FBD5595B-6859-4E8E-BDFA-C3169EF34985}.Debug|x64.ActiveCfg = Debug|Any CPU
		{FBD5595B-6859-4E8E-BDFA-C3169EF34985}.Debug|x64.Build.0 = Debug|Any CPU
		{FBD5595B-6859-4E8E-BDFA-C3169EF34985}.Debug|x86.ActiveCfg = Debug|x86
		{FBD5595B-6859-4E8E-BDFA-C3169EF34985}.Debug|x86.Build.0 = Debug|x86
		{FBD5595B-6859-4E8E-BDFA-C3169EF34985}.Release|Any CPU.ActiveCfg = Release|Any CPU
		{FBD5595B-6859-4E8E-BDFA-C3169EF34985}.Release|Any CPU.Build.0 = Release|Any CPU
		{FBD5595B-6859-4E8E-BDFA-C3169EF34985}.Release|x64.ActiveCfg = Release|Any CPU
		{FBD5595B-6859-4E8E-BDFA-C3169EF34985}.Release|x64.Build.0 = Release|Any CPU
		{FBD5595B-6859-4E8E-BDFA-C3169EF34985}.Release|x86.ActiveCfg = Release|x86
		{FBD5595B-6859-4E8E-BDFA-C3169EF34985}.Release|x86.Build.0 = Release|x86
		{DCE9BD7C-5111-466C-8E3D-E26D5D31AFE3}.AppVeyor|Any CPU.ActiveCfg = Release|Any CPU
		{DCE9BD7C-5111-466C-8E3D-E26D5D31AFE3}.AppVeyor|Any CPU.Build.0 = Release|Any CPU
		{DCE9BD7C-5111-466C-8E3D-E26D5D31AFE3}.AppVeyor|x64.ActiveCfg = Release|Any CPU
		{DCE9BD7C-5111-466C-8E3D-E26D5D31AFE3}.AppVeyor|x64.Build.0 = Release|Any CPU
		{DCE9BD7C-5111-466C-8E3D-E26D5D31AFE3}.AppVeyor|x86.ActiveCfg = Release|Any CPU
		{DCE9BD7C-5111-466C-8E3D-E26D5D31AFE3}.AppVeyor|x86.Build.0 = Release|Any CPU
		{DCE9BD7C-5111-466C-8E3D-E26D5D31AFE3}.Debug|Any CPU.ActiveCfg = Debug|Any CPU
		{DCE9BD7C-5111-466C-8E3D-E26D5D31AFE3}.Debug|Any CPU.Build.0 = Debug|Any CPU
		{DCE9BD7C-5111-466C-8E3D-E26D5D31AFE3}.Debug|x64.ActiveCfg = Debug|Any CPU
		{DCE9BD7C-5111-466C-8E3D-E26D5D31AFE3}.Debug|x64.Build.0 = Debug|Any CPU
		{DCE9BD7C-5111-466C-8E3D-E26D5D31AFE3}.Debug|x86.ActiveCfg = Debug|Any CPU
		{DCE9BD7C-5111-466C-8E3D-E26D5D31AFE3}.Debug|x86.Build.0 = Debug|Any CPU
		{DCE9BD7C-5111-466C-8E3D-E26D5D31AFE3}.Release|Any CPU.ActiveCfg = Release|Any CPU
		{DCE9BD7C-5111-466C-8E3D-E26D5D31AFE3}.Release|Any CPU.Build.0 = Release|Any CPU
		{DCE9BD7C-5111-466C-8E3D-E26D5D31AFE3}.Release|x64.ActiveCfg = Release|Any CPU
		{DCE9BD7C-5111-466C-8E3D-E26D5D31AFE3}.Release|x64.Build.0 = Release|Any CPU
		{DCE9BD7C-5111-466C-8E3D-E26D5D31AFE3}.Release|x86.ActiveCfg = Release|Any CPU
		{DCE9BD7C-5111-466C-8E3D-E26D5D31AFE3}.Release|x86.Build.0 = Release|Any CPU
		{4E52FF0E-06FD-49C3-B362-595DB8070531}.AppVeyor|Any CPU.ActiveCfg = Release|Any CPU
		{4E52FF0E-06FD-49C3-B362-595DB8070531}.AppVeyor|Any CPU.Build.0 = Release|Any CPU
		{4E52FF0E-06FD-49C3-B362-595DB8070531}.AppVeyor|x64.ActiveCfg = Release|Any CPU
		{4E52FF0E-06FD-49C3-B362-595DB8070531}.AppVeyor|x64.Build.0 = Release|Any CPU
		{4E52FF0E-06FD-49C3-B362-595DB8070531}.AppVeyor|x86.ActiveCfg = Release|Any CPU
		{4E52FF0E-06FD-49C3-B362-595DB8070531}.AppVeyor|x86.Build.0 = Release|Any CPU
		{4E52FF0E-06FD-49C3-B362-595DB8070531}.Debug|Any CPU.ActiveCfg = Debug|Any CPU
		{4E52FF0E-06FD-49C3-B362-595DB8070531}.Debug|Any CPU.Build.0 = Debug|Any CPU
		{4E52FF0E-06FD-49C3-B362-595DB8070531}.Debug|x64.ActiveCfg = Debug|Any CPU
		{4E52FF0E-06FD-49C3-B362-595DB8070531}.Debug|x64.Build.0 = Debug|Any CPU
		{4E52FF0E-06FD-49C3-B362-595DB8070531}.Debug|x86.ActiveCfg = Debug|Any CPU
		{4E52FF0E-06FD-49C3-B362-595DB8070531}.Debug|x86.Build.0 = Debug|Any CPU
		{4E52FF0E-06FD-49C3-B362-595DB8070531}.Release|Any CPU.ActiveCfg = Release|Any CPU
		{4E52FF0E-06FD-49C3-B362-595DB8070531}.Release|Any CPU.Build.0 = Release|Any CPU
		{4E52FF0E-06FD-49C3-B362-595DB8070531}.Release|x64.ActiveCfg = Release|Any CPU
		{4E52FF0E-06FD-49C3-B362-595DB8070531}.Release|x64.Build.0 = Release|Any CPU
		{4E52FF0E-06FD-49C3-B362-595DB8070531}.Release|x86.ActiveCfg = Release|Any CPU
		{4E52FF0E-06FD-49C3-B362-595DB8070531}.Release|x86.Build.0 = Release|Any CPU
		{24860783-A729-4A14-98C0-9A34BF138BDB}.AppVeyor|Any CPU.ActiveCfg = Release|x86
		{24860783-A729-4A14-98C0-9A34BF138BDB}.AppVeyor|Any CPU.Build.0 = Release|x86
		{24860783-A729-4A14-98C0-9A34BF138BDB}.AppVeyor|x64.ActiveCfg = Release|x64
		{24860783-A729-4A14-98C0-9A34BF138BDB}.AppVeyor|x64.Build.0 = Release|x64
		{24860783-A729-4A14-98C0-9A34BF138BDB}.AppVeyor|x86.ActiveCfg = Release|x86
		{24860783-A729-4A14-98C0-9A34BF138BDB}.AppVeyor|x86.Build.0 = Release|x86
		{24860783-A729-4A14-98C0-9A34BF138BDB}.Debug|Any CPU.ActiveCfg = Debug|x86
		{24860783-A729-4A14-98C0-9A34BF138BDB}.Debug|x64.ActiveCfg = Debug|x64
		{24860783-A729-4A14-98C0-9A34BF138BDB}.Debug|x64.Build.0 = Debug|x64
		{24860783-A729-4A14-98C0-9A34BF138BDB}.Debug|x86.ActiveCfg = Debug|x86
		{24860783-A729-4A14-98C0-9A34BF138BDB}.Debug|x86.Build.0 = Debug|x86
		{24860783-A729-4A14-98C0-9A34BF138BDB}.Release|Any CPU.ActiveCfg = Release|x86
		{24860783-A729-4A14-98C0-9A34BF138BDB}.Release|x64.ActiveCfg = Release|x64
		{24860783-A729-4A14-98C0-9A34BF138BDB}.Release|x64.Build.0 = Release|x64
		{24860783-A729-4A14-98C0-9A34BF138BDB}.Release|x86.ActiveCfg = Release|x86
		{24860783-A729-4A14-98C0-9A34BF138BDB}.Release|x86.Build.0 = Release|x86
		{47E251AE-A5EE-4526-BDC1-3C008936E80A}.AppVeyor|Any CPU.ActiveCfg = Release|x86
		{47E251AE-A5EE-4526-BDC1-3C008936E80A}.AppVeyor|Any CPU.Build.0 = Release|x86
		{47E251AE-A5EE-4526-BDC1-3C008936E80A}.AppVeyor|x64.ActiveCfg = Release|x64
		{47E251AE-A5EE-4526-BDC1-3C008936E80A}.AppVeyor|x64.Build.0 = Release|x64
		{47E251AE-A5EE-4526-BDC1-3C008936E80A}.AppVeyor|x86.ActiveCfg = Release|x86
		{47E251AE-A5EE-4526-BDC1-3C008936E80A}.AppVeyor|x86.Build.0 = Release|x86
		{47E251AE-A5EE-4526-BDC1-3C008936E80A}.Debug|Any CPU.ActiveCfg = Debug|x86
		{47E251AE-A5EE-4526-BDC1-3C008936E80A}.Debug|x64.ActiveCfg = Debug|x64
		{47E251AE-A5EE-4526-BDC1-3C008936E80A}.Debug|x64.Build.0 = Debug|x64
		{47E251AE-A5EE-4526-BDC1-3C008936E80A}.Debug|x86.ActiveCfg = Debug|x86
		{47E251AE-A5EE-4526-BDC1-3C008936E80A}.Debug|x86.Build.0 = Debug|x86
		{47E251AE-A5EE-4526-BDC1-3C008936E80A}.Release|Any CPU.ActiveCfg = Release|x86
		{47E251AE-A5EE-4526-BDC1-3C008936E80A}.Release|x64.ActiveCfg = Release|x64
		{47E251AE-A5EE-4526-BDC1-3C008936E80A}.Release|x64.Build.0 = Release|x64
		{47E251AE-A5EE-4526-BDC1-3C008936E80A}.Release|x86.ActiveCfg = Release|x86
		{47E251AE-A5EE-4526-BDC1-3C008936E80A}.Release|x86.Build.0 = Release|x86
		{B1725E81-AAC1-42FC-836D-E0A7CFEBB1E7}.AppVeyor|Any CPU.ActiveCfg = Release|x86
		{B1725E81-AAC1-42FC-836D-E0A7CFEBB1E7}.AppVeyor|Any CPU.Build.0 = Release|x86
		{B1725E81-AAC1-42FC-836D-E0A7CFEBB1E7}.AppVeyor|x64.ActiveCfg = Release|x64
		{B1725E81-AAC1-42FC-836D-E0A7CFEBB1E7}.AppVeyor|x64.Build.0 = Release|x64
		{B1725E81-AAC1-42FC-836D-E0A7CFEBB1E7}.AppVeyor|x86.ActiveCfg = Release|x86
		{B1725E81-AAC1-42FC-836D-E0A7CFEBB1E7}.AppVeyor|x86.Build.0 = Release|x86
		{B1725E81-AAC1-42FC-836D-E0A7CFEBB1E7}.Debug|Any CPU.ActiveCfg = Debug|x86
		{B1725E81-AAC1-42FC-836D-E0A7CFEBB1E7}.Debug|x64.ActiveCfg = Debug|x64
		{B1725E81-AAC1-42FC-836D-E0A7CFEBB1E7}.Debug|x64.Build.0 = Debug|x64
		{B1725E81-AAC1-42FC-836D-E0A7CFEBB1E7}.Debug|x86.ActiveCfg = Debug|x86
		{B1725E81-AAC1-42FC-836D-E0A7CFEBB1E7}.Debug|x86.Build.0 = Debug|x86
		{B1725E81-AAC1-42FC-836D-E0A7CFEBB1E7}.Release|Any CPU.ActiveCfg = Release|x86
		{B1725E81-AAC1-42FC-836D-E0A7CFEBB1E7}.Release|x64.ActiveCfg = Release|x64
		{B1725E81-AAC1-42FC-836D-E0A7CFEBB1E7}.Release|x64.Build.0 = Release|x64
		{B1725E81-AAC1-42FC-836D-E0A7CFEBB1E7}.Release|x86.ActiveCfg = Release|x86
		{B1725E81-AAC1-42FC-836D-E0A7CFEBB1E7}.Release|x86.Build.0 = Release|x86
		{914DE831-4DFA-44F6-96C1-27CF3B89A2CD}.AppVeyor|Any CPU.ActiveCfg = Release|x86
		{914DE831-4DFA-44F6-96C1-27CF3B89A2CD}.AppVeyor|Any CPU.Build.0 = Release|x86
		{914DE831-4DFA-44F6-96C1-27CF3B89A2CD}.AppVeyor|x64.ActiveCfg = Release|x64
		{914DE831-4DFA-44F6-96C1-27CF3B89A2CD}.AppVeyor|x64.Build.0 = Release|x64
		{914DE831-4DFA-44F6-96C1-27CF3B89A2CD}.AppVeyor|x86.ActiveCfg = Release|x86
		{914DE831-4DFA-44F6-96C1-27CF3B89A2CD}.AppVeyor|x86.Build.0 = Release|x86
		{914DE831-4DFA-44F6-96C1-27CF3B89A2CD}.Debug|Any CPU.ActiveCfg = Debug|x86
		{914DE831-4DFA-44F6-96C1-27CF3B89A2CD}.Debug|x64.ActiveCfg = Debug|x64
		{914DE831-4DFA-44F6-96C1-27CF3B89A2CD}.Debug|x64.Build.0 = Debug|x64
		{914DE831-4DFA-44F6-96C1-27CF3B89A2CD}.Debug|x86.ActiveCfg = Debug|x86
		{914DE831-4DFA-44F6-96C1-27CF3B89A2CD}.Debug|x86.Build.0 = Debug|x86
		{914DE831-4DFA-44F6-96C1-27CF3B89A2CD}.Release|Any CPU.ActiveCfg = Release|x86
		{914DE831-4DFA-44F6-96C1-27CF3B89A2CD}.Release|x64.ActiveCfg = Release|x64
		{914DE831-4DFA-44F6-96C1-27CF3B89A2CD}.Release|x64.Build.0 = Release|x64
		{914DE831-4DFA-44F6-96C1-27CF3B89A2CD}.Release|x86.ActiveCfg = Release|x86
		{914DE831-4DFA-44F6-96C1-27CF3B89A2CD}.Release|x86.Build.0 = Release|x86
		{748CB1A7-F2BD-4DDB-A0BA-040A8A04952A}.AppVeyor|Any CPU.ActiveCfg = Release|Any CPU
		{748CB1A7-F2BD-4DDB-A0BA-040A8A04952A}.AppVeyor|Any CPU.Build.0 = Release|Any CPU
		{748CB1A7-F2BD-4DDB-A0BA-040A8A04952A}.AppVeyor|x64.ActiveCfg = Release|Any CPU
		{748CB1A7-F2BD-4DDB-A0BA-040A8A04952A}.AppVeyor|x64.Build.0 = Release|Any CPU
		{748CB1A7-F2BD-4DDB-A0BA-040A8A04952A}.AppVeyor|x86.ActiveCfg = Release|Any CPU
		{748CB1A7-F2BD-4DDB-A0BA-040A8A04952A}.AppVeyor|x86.Build.0 = Release|Any CPU
		{748CB1A7-F2BD-4DDB-A0BA-040A8A04952A}.Debug|Any CPU.ActiveCfg = Debug|Any CPU
		{748CB1A7-F2BD-4DDB-A0BA-040A8A04952A}.Debug|Any CPU.Build.0 = Debug|Any CPU
		{748CB1A7-F2BD-4DDB-A0BA-040A8A04952A}.Debug|x64.ActiveCfg = Debug|Any CPU
		{748CB1A7-F2BD-4DDB-A0BA-040A8A04952A}.Debug|x64.Build.0 = Debug|Any CPU
		{748CB1A7-F2BD-4DDB-A0BA-040A8A04952A}.Debug|x86.ActiveCfg = Debug|Any CPU
		{748CB1A7-F2BD-4DDB-A0BA-040A8A04952A}.Debug|x86.Build.0 = Debug|Any CPU
		{748CB1A7-F2BD-4DDB-A0BA-040A8A04952A}.Release|Any CPU.ActiveCfg = Release|Any CPU
		{748CB1A7-F2BD-4DDB-A0BA-040A8A04952A}.Release|Any CPU.Build.0 = Release|Any CPU
		{748CB1A7-F2BD-4DDB-A0BA-040A8A04952A}.Release|x64.ActiveCfg = Release|Any CPU
		{748CB1A7-F2BD-4DDB-A0BA-040A8A04952A}.Release|x64.Build.0 = Release|Any CPU
		{748CB1A7-F2BD-4DDB-A0BA-040A8A04952A}.Release|x86.ActiveCfg = Release|Any CPU
		{748CB1A7-F2BD-4DDB-A0BA-040A8A04952A}.Release|x86.Build.0 = Release|Any CPU
	EndGlobalSection
	GlobalSection(SolutionProperties) = preSolution
		HideSolutionNode = FALSE
	EndGlobalSection
EndGlobal
