
Microsoft Visual Studio Solution File, Format Version 12.00
# Visual Studio 14
VisualStudioVersion = 14.0.25029.0
MinimumVisualStudioVersion = 10.0.40219.1
Project("{FAE04EC0-301F-11D3-BF4B-00C04F79EFBC}") = "InsireBot", "InsireBot\InsireBot.csproj", "{FBD5595B-6859-4E8E-BDFA-C3169EF34985}"
EndProject
Project("{FAE04EC0-301F-11D3-BF4B-00C04F79EFBC}") = "MaterialDesignThemes.MahApps", "..\..\MaterialDesignInXamlToolkit-master\MaterialDesignInXamlToolkit-master\MaterialDesignThemes.MahApps\MaterialDesignThemes.MahApps.csproj", "{81556A2D-D467-43E7-945B-FD987C676CF6}"
EndProject
Project("{FAE04EC0-301F-11D3-BF4B-00C04F79EFBC}") = "MaterialDesignColors.Wpf", "..\..\MaterialDesignInXamlToolkit-master\MaterialDesignInXamlToolkit-master\MaterialDesignColors.Wpf\MaterialDesignColors.Wpf.csproj", "{90B53209-C60C-4655-B28D-A1B3E1044BA3}"
EndProject
Project("{FAE04EC0-301F-11D3-BF4B-00C04F79EFBC}") = "MaterialDesignThemes.Wpf", "..\..\MaterialDesignInXamlToolkit-master\MaterialDesignInXamlToolkit-master\MaterialDesignThemes.Wpf\MaterialDesignThemes.Wpf.csproj", "{F079FB0A-A8ED-4216-B6A5-345756751A04}"
EndProject
Project("{2150E333-8FDC-42A3-9474-1A3956D46DE8}") = "Vlc.DotNet", "Vlc.DotNet", "{9D60106C-AA11-4B59-8701-8A11F77C7318}"
EndProject
Project("{FAE04EC0-301F-11D3-BF4B-00C04F79EFBC}") = "Vlc.DotNet.Core.Interops - CLR 4 - .Net 4.5", "..\..\Vlc.DotNet-master\Vlc.DotNet-master\src\Vlc.DotNet.Core.Interops\Vlc.DotNet.Core.Interops - CLR 4 - .Net 4.5.csproj", "{47E251AE-A5EE-4526-BDC1-3C008936E80A}"
EndProject
Project("{FAE04EC0-301F-11D3-BF4B-00C04F79EFBC}") = "Vlc.DotNet.Core - CLR 4 - .Net 4.5", "..\..\Vlc.DotNet-master\Vlc.DotNet-master\src\Vlc.DotNet.Core\Vlc.DotNet.Core - CLR 4 - .Net 4.5.csproj", "{24860783-A729-4A14-98C0-9A34BF138BDB}"
EndProject
Project("{2150E333-8FDC-42A3-9474-1A3956D46DE8}") = "MaterialDesign", "MaterialDesign", "{3ECAF2B7-5BD3-4ADF-BF95-2743232C2D6C}"
EndProject
Project("{FAE04EC0-301F-11D3-BF4B-00C04F79EFBC}") = "InsireBotTests", "InsireBotTests\InsireBotTests.csproj", "{A0F6BFAF-046A-498A-9C1C-1B58B29221F3}"
EndProject
Global
	GlobalSection(SolutionConfigurationPlatforms) = preSolution
		AppVeyor|Any CPU = AppVeyor|Any CPU
		AppVeyor|x64 = AppVeyor|x64
		AppVeyor|x86 = AppVeyor|x86
		Debug|Any CPU = Debug|Any CPU
		Debug|x64 = Debug|x64
		Debug|x86 = Debug|x86
		Release|Any CPU = Release|Any CPU
		Release|x64 = Release|x64
		Release|x86 = Release|x86
	EndGlobalSection
	GlobalSection(ProjectConfigurationPlatforms) = postSolution
		{FBD5595B-6859-4E8E-BDFA-C3169EF34985}.AppVeyor|Any CPU.ActiveCfg = Release|Any CPU
		{FBD5595B-6859-4E8E-BDFA-C3169EF34985}.AppVeyor|Any CPU.Build.0 = Release|Any CPU
		{FBD5595B-6859-4E8E-BDFA-C3169EF34985}.AppVeyor|x64.ActiveCfg = Debug|Any CPU
		{FBD5595B-6859-4E8E-BDFA-C3169EF34985}.AppVeyor|x64.Build.0 = Debug|Any CPU
		{FBD5595B-6859-4E8E-BDFA-C3169EF34985}.AppVeyor|x86.ActiveCfg = Release|x86
		{FBD5595B-6859-4E8E-BDFA-C3169EF34985}.AppVeyor|x86.Build.0 = Release|x86
		{FBD5595B-6859-4E8E-BDFA-C3169EF34985}.Debug|Any CPU.ActiveCfg = Debug|Any CPU
		{FBD5595B-6859-4E8E-BDFA-C3169EF34985}.Debug|Any CPU.Build.0 = Debug|Any CPU
		{FBD5595B-6859-4E8E-BDFA-C3169EF34985}.Debug|x64.ActiveCfg = Debug|Any CPU
		{FBD5595B-6859-4E8E-BDFA-C3169EF34985}.Debug|x64.Build.0 = Debug|Any CPU
		{FBD5595B-6859-4E8E-BDFA-C3169EF34985}.Debug|x86.ActiveCfg = Debug|x86
		{FBD5595B-6859-4E8E-BDFA-C3169EF34985}.Debug|x86.Build.0 = Debug|x86
		{FBD5595B-6859-4E8E-BDFA-C3169EF34985}.Release|Any CPU.ActiveCfg = Release|Any CPU
		{FBD5595B-6859-4E8E-BDFA-C3169EF34985}.Release|Any CPU.Build.0 = Release|Any CPU
		{FBD5595B-6859-4E8E-BDFA-C3169EF34985}.Release|x64.ActiveCfg = Release|Any CPU
		{FBD5595B-6859-4E8E-BDFA-C3169EF34985}.Release|x64.Build.0 = Release|Any CPU
		{FBD5595B-6859-4E8E-BDFA-C3169EF34985}.Release|x86.ActiveCfg = Release|x86
		{FBD5595B-6859-4E8E-BDFA-C3169EF34985}.Release|x86.Build.0 = Release|x86
		{81556A2D-D467-43E7-945B-FD987C676CF6}.AppVeyor|Any CPU.ActiveCfg = Release|Any CPU
		{81556A2D-D467-43E7-945B-FD987C676CF6}.AppVeyor|Any CPU.Build.0 = Release|Any CPU
		{81556A2D-D467-43E7-945B-FD987C676CF6}.AppVeyor|x64.ActiveCfg = Debug|Any CPU
		{81556A2D-D467-43E7-945B-FD987C676CF6}.AppVeyor|x64.Build.0 = Debug|Any CPU
		{81556A2D-D467-43E7-945B-FD987C676CF6}.AppVeyor|x86.ActiveCfg = Debug|Any CPU
		{81556A2D-D467-43E7-945B-FD987C676CF6}.AppVeyor|x86.Build.0 = Debug|Any CPU
		{81556A2D-D467-43E7-945B-FD987C676CF6}.Debug|Any CPU.ActiveCfg = Debug|Any CPU
		{81556A2D-D467-43E7-945B-FD987C676CF6}.Debug|Any CPU.Build.0 = Debug|Any CPU
		{81556A2D-D467-43E7-945B-FD987C676CF6}.Debug|x64.ActiveCfg = Debug|Any CPU
		{81556A2D-D467-43E7-945B-FD987C676CF6}.Debug|x64.Build.0 = Debug|Any CPU
		{81556A2D-D467-43E7-945B-FD987C676CF6}.Debug|x86.ActiveCfg = Debug|Any CPU
		{81556A2D-D467-43E7-945B-FD987C676CF6}.Debug|x86.Build.0 = Debug|Any CPU
		{81556A2D-D467-43E7-945B-FD987C676CF6}.Release|Any CPU.ActiveCfg = Release|Any CPU
		{81556A2D-D467-43E7-945B-FD987C676CF6}.Release|Any CPU.Build.0 = Release|Any CPU
		{81556A2D-D467-43E7-945B-FD987C676CF6}.Release|x64.ActiveCfg = Release|Any CPU
		{81556A2D-D467-43E7-945B-FD987C676CF6}.Release|x64.Build.0 = Release|Any CPU
		{81556A2D-D467-43E7-945B-FD987C676CF6}.Release|x86.ActiveCfg = Release|Any CPU
		{81556A2D-D467-43E7-945B-FD987C676CF6}.Release|x86.Build.0 = Release|Any CPU
		{90B53209-C60C-4655-B28D-A1B3E1044BA3}.AppVeyor|Any CPU.ActiveCfg = AppVeyor|Any CPU
		{90B53209-C60C-4655-B28D-A1B3E1044BA3}.AppVeyor|Any CPU.Build.0 = AppVeyor|Any CPU
		{90B53209-C60C-4655-B28D-A1B3E1044BA3}.AppVeyor|x64.ActiveCfg = AppVeyor|Any CPU
		{90B53209-C60C-4655-B28D-A1B3E1044BA3}.AppVeyor|x64.Build.0 = AppVeyor|Any CPU
		{90B53209-C60C-4655-B28D-A1B3E1044BA3}.AppVeyor|x86.ActiveCfg = AppVeyor|Any CPU
		{90B53209-C60C-4655-B28D-A1B3E1044BA3}.AppVeyor|x86.Build.0 = AppVeyor|Any CPU
		{90B53209-C60C-4655-B28D-A1B3E1044BA3}.Debug|Any CPU.ActiveCfg = Debug|Any CPU
		{90B53209-C60C-4655-B28D-A1B3E1044BA3}.Debug|Any CPU.Build.0 = Debug|Any CPU
		{90B53209-C60C-4655-B28D-A1B3E1044BA3}.Debug|x64.ActiveCfg = Debug|Any CPU
		{90B53209-C60C-4655-B28D-A1B3E1044BA3}.Debug|x64.Build.0 = Debug|Any CPU
		{90B53209-C60C-4655-B28D-A1B3E1044BA3}.Debug|x86.ActiveCfg = Debug|Any CPU
		{90B53209-C60C-4655-B28D-A1B3E1044BA3}.Debug|x86.Build.0 = Debug|Any CPU
		{90B53209-C60C-4655-B28D-A1B3E1044BA3}.Release|Any CPU.ActiveCfg = Release|Any CPU
		{90B53209-C60C-4655-B28D-A1B3E1044BA3}.Release|Any CPU.Build.0 = Release|Any CPU
		{90B53209-C60C-4655-B28D-A1B3E1044BA3}.Release|x64.ActiveCfg = Release|Any CPU
		{90B53209-C60C-4655-B28D-A1B3E1044BA3}.Release|x64.Build.0 = Release|Any CPU
		{90B53209-C60C-4655-B28D-A1B3E1044BA3}.Release|x86.ActiveCfg = Release|Any CPU
		{90B53209-C60C-4655-B28D-A1B3E1044BA3}.Release|x86.Build.0 = Release|Any CPU
		{F079FB0A-A8ED-4216-B6A5-345756751A04}.AppVeyor|Any CPU.ActiveCfg = AppVeyor|Any CPU
		{F079FB0A-A8ED-4216-B6A5-345756751A04}.AppVeyor|Any CPU.Build.0 = AppVeyor|Any CPU
		{F079FB0A-A8ED-4216-B6A5-345756751A04}.AppVeyor|x64.ActiveCfg = AppVeyor|Any CPU
		{F079FB0A-A8ED-4216-B6A5-345756751A04}.AppVeyor|x64.Build.0 = AppVeyor|Any CPU
		{F079FB0A-A8ED-4216-B6A5-345756751A04}.AppVeyor|x86.ActiveCfg = AppVeyor|Any CPU
		{F079FB0A-A8ED-4216-B6A5-345756751A04}.AppVeyor|x86.Build.0 = AppVeyor|Any CPU
		{F079FB0A-A8ED-4216-B6A5-345756751A04}.Debug|Any CPU.ActiveCfg = Debug|Any CPU
		{F079FB0A-A8ED-4216-B6A5-345756751A04}.Debug|Any CPU.Build.0 = Debug|Any CPU
		{F079FB0A-A8ED-4216-B6A5-345756751A04}.Debug|x64.ActiveCfg = Debug|Any CPU
		{F079FB0A-A8ED-4216-B6A5-345756751A04}.Debug|x64.Build.0 = Debug|Any CPU
		{F079FB0A-A8ED-4216-B6A5-345756751A04}.Debug|x86.ActiveCfg = Debug|Any CPU
		{F079FB0A-A8ED-4216-B6A5-345756751A04}.Debug|x86.Build.0 = Debug|Any CPU
		{F079FB0A-A8ED-4216-B6A5-345756751A04}.Release|Any CPU.ActiveCfg = Release|Any CPU
		{F079FB0A-A8ED-4216-B6A5-345756751A04}.Release|Any CPU.Build.0 = Release|Any CPU
		{F079FB0A-A8ED-4216-B6A5-345756751A04}.Release|x64.ActiveCfg = Release|Any CPU
		{F079FB0A-A8ED-4216-B6A5-345756751A04}.Release|x64.Build.0 = Release|Any CPU
		{F079FB0A-A8ED-4216-B6A5-345756751A04}.Release|x86.ActiveCfg = Release|Any CPU
		{F079FB0A-A8ED-4216-B6A5-345756751A04}.Release|x86.Build.0 = Release|Any CPU
		{47E251AE-A5EE-4526-BDC1-3C008936E80A}.AppVeyor|Any CPU.ActiveCfg = Release|x86
		{47E251AE-A5EE-4526-BDC1-3C008936E80A}.AppVeyor|Any CPU.Build.0 = Release|x86
		{47E251AE-A5EE-4526-BDC1-3C008936E80A}.AppVeyor|x64.ActiveCfg = Release|x64
		{47E251AE-A5EE-4526-BDC1-3C008936E80A}.AppVeyor|x64.Build.0 = Release|x64
		{47E251AE-A5EE-4526-BDC1-3C008936E80A}.AppVeyor|x86.ActiveCfg = Release|x86
		{47E251AE-A5EE-4526-BDC1-3C008936E80A}.AppVeyor|x86.Build.0 = Release|x86
		{47E251AE-A5EE-4526-BDC1-3C008936E80A}.Debug|Any CPU.ActiveCfg = Debug|x86
		{47E251AE-A5EE-4526-BDC1-3C008936E80A}.Debug|x64.ActiveCfg = Debug|x64
		{47E251AE-A5EE-4526-BDC1-3C008936E80A}.Debug|x64.Build.0 = Debug|x64
		{47E251AE-A5EE-4526-BDC1-3C008936E80A}.Debug|x86.ActiveCfg = Debug|x86
		{47E251AE-A5EE-4526-BDC1-3C008936E80A}.Debug|x86.Build.0 = Debug|x86
		{47E251AE-A5EE-4526-BDC1-3C008936E80A}.Release|Any CPU.ActiveCfg = Release|x86
		{47E251AE-A5EE-4526-BDC1-3C008936E80A}.Release|x64.ActiveCfg = Release|x64
		{47E251AE-A5EE-4526-BDC1-3C008936E80A}.Release|x64.Build.0 = Release|x64
		{47E251AE-A5EE-4526-BDC1-3C008936E80A}.Release|x86.ActiveCfg = Release|x86
		{47E251AE-A5EE-4526-BDC1-3C008936E80A}.Release|x86.Build.0 = Release|x86
		{24860783-A729-4A14-98C0-9A34BF138BDB}.AppVeyor|Any CPU.ActiveCfg = Release|x86
		{24860783-A729-4A14-98C0-9A34BF138BDB}.AppVeyor|Any CPU.Build.0 = Release|x86
		{24860783-A729-4A14-98C0-9A34BF138BDB}.AppVeyor|x64.ActiveCfg = Release|x64
		{24860783-A729-4A14-98C0-9A34BF138BDB}.AppVeyor|x64.Build.0 = Release|x64
		{24860783-A729-4A14-98C0-9A34BF138BDB}.AppVeyor|x86.ActiveCfg = Release|x86
		{24860783-A729-4A14-98C0-9A34BF138BDB}.AppVeyor|x86.Build.0 = Release|x86
		{24860783-A729-4A14-98C0-9A34BF138BDB}.Debug|Any CPU.ActiveCfg = Debug|x86
		{24860783-A729-4A14-98C0-9A34BF138BDB}.Debug|x64.ActiveCfg = Debug|x64
		{24860783-A729-4A14-98C0-9A34BF138BDB}.Debug|x64.Build.0 = Debug|x64
		{24860783-A729-4A14-98C0-9A34BF138BDB}.Debug|x86.ActiveCfg = Debug|x86
		{24860783-A729-4A14-98C0-9A34BF138BDB}.Debug|x86.Build.0 = Debug|x86
		{24860783-A729-4A14-98C0-9A34BF138BDB}.Release|Any CPU.ActiveCfg = Release|x86
		{24860783-A729-4A14-98C0-9A34BF138BDB}.Release|x64.ActiveCfg = Release|x64
		{24860783-A729-4A14-98C0-9A34BF138BDB}.Release|x64.Build.0 = Release|x64
		{24860783-A729-4A14-98C0-9A34BF138BDB}.Release|x86.ActiveCfg = Release|x86
		{24860783-A729-4A14-98C0-9A34BF138BDB}.Release|x86.Build.0 = Release|x86
		{A0F6BFAF-046A-498A-9C1C-1B58B29221F3}.AppVeyor|Any CPU.ActiveCfg = Release|Any CPU
		{A0F6BFAF-046A-498A-9C1C-1B58B29221F3}.AppVeyor|Any CPU.Build.0 = Release|Any CPU
		{A0F6BFAF-046A-498A-9C1C-1B58B29221F3}.AppVeyor|x64.ActiveCfg = Release|Any CPU
		{A0F6BFAF-046A-498A-9C1C-1B58B29221F3}.AppVeyor|x64.Build.0 = Release|Any CPU
		{A0F6BFAF-046A-498A-9C1C-1B58B29221F3}.AppVeyor|x86.ActiveCfg = Release|Any CPU
		{A0F6BFAF-046A-498A-9C1C-1B58B29221F3}.AppVeyor|x86.Build.0 = Release|Any CPU
		{A0F6BFAF-046A-498A-9C1C-1B58B29221F3}.Debug|Any CPU.ActiveCfg = Debug|Any CPU
		{A0F6BFAF-046A-498A-9C1C-1B58B29221F3}.Debug|Any CPU.Build.0 = Debug|Any CPU
		{A0F6BFAF-046A-498A-9C1C-1B58B29221F3}.Debug|x64.ActiveCfg = Debug|Any CPU
		{A0F6BFAF-046A-498A-9C1C-1B58B29221F3}.Debug|x64.Build.0 = Debug|Any CPU
		{A0F6BFAF-046A-498A-9C1C-1B58B29221F3}.Debug|x86.ActiveCfg = Debug|Any CPU
		{A0F6BFAF-046A-498A-9C1C-1B58B29221F3}.Debug|x86.Build.0 = Debug|Any CPU
		{A0F6BFAF-046A-498A-9C1C-1B58B29221F3}.Release|Any CPU.ActiveCfg = Release|Any CPU
		{A0F6BFAF-046A-498A-9C1C-1B58B29221F3}.Release|Any CPU.Build.0 = Release|Any CPU
		{A0F6BFAF-046A-498A-9C1C-1B58B29221F3}.Release|x64.ActiveCfg = Release|Any CPU
		{A0F6BFAF-046A-498A-9C1C-1B58B29221F3}.Release|x64.Build.0 = Release|Any CPU
		{A0F6BFAF-046A-498A-9C1C-1B58B29221F3}.Release|x86.ActiveCfg = Release|Any CPU
		{A0F6BFAF-046A-498A-9C1C-1B58B29221F3}.Release|x86.Build.0 = Release|Any CPU
	EndGlobalSection
	GlobalSection(SolutionProperties) = preSolution
		HideSolutionNode = FALSE
	EndGlobalSection
	GlobalSection(NestedProjects) = preSolution
		{81556A2D-D467-43E7-945B-FD987C676CF6} = {3ECAF2B7-5BD3-4ADF-BF95-2743232C2D6C}
		{90B53209-C60C-4655-B28D-A1B3E1044BA3} = {3ECAF2B7-5BD3-4ADF-BF95-2743232C2D6C}
		{F079FB0A-A8ED-4216-B6A5-345756751A04} = {3ECAF2B7-5BD3-4ADF-BF95-2743232C2D6C}
		{47E251AE-A5EE-4526-BDC1-3C008936E80A} = {9D60106C-AA11-4B59-8701-8A11F77C7318}
		{24860783-A729-4A14-98C0-9A34BF138BDB} = {9D60106C-AA11-4B59-8701-8A11F77C7318}
	EndGlobalSection
EndGlobal
