
Microsoft Visual Studio Solution File, Format Version 12.00
# Visual Studio 15
VisualStudioVersion = 15.0.26403.3
MinimumVisualStudioVersion = 10.0.40219.1
Project("{FAE04EC0-301F-11D3-BF4B-00C04F79EFBC}") = "Maple", "InsireBot\Maple.csproj", "{FBD5595B-6859-4E8E-BDFA-C3169EF34985}"
EndProject
Project("{FAE04EC0-301F-11D3-BF4B-00C04F79EFBC}") = "Maple.Core", "InsireBot.Core\Maple.Core.csproj", "{21FA5854-0692-42E2-924E-A38CF3C7FF71}"
EndProject
Project("{2150E333-8FDC-42A3-9474-1A3956D46DE8}") = "Solution Items", "Solution Items", "{D65C950A-327A-496D-A49C-B45E8F97C610}"
	ProjectSection(SolutionItems) = preProject
		.editorconfig = .editorconfig
		Resources\client_secret.json = Resources\client_secret.json
		..\license.md = ..\license.md
		local.runsettings = local.runsettings
		Resources\Images\logo.ico = Resources\Images\logo.ico
		Resources\Images\logo.png = Resources\Images\logo.png
		Resources\Images\logo_small.ico = Resources\Images\logo_small.ico
		Resources\Images\logo_withoutbackground.png = Resources\Images\logo_withoutbackground.png
		..\README.md = ..\README.md
		Settings.XamlStyler = Settings.XamlStyler
	EndProjectSection
EndProject
Project("{FAE04EC0-301F-11D3-BF4B-00C04F79EFBC}") = "Maple.Localization", "InsireBot.Localization\Maple.Localization.csproj", "{A073FC92-90E3-4541-8B52-6F7293187871}"
EndProject
Project("{FAE04EC0-301F-11D3-BF4B-00C04F79EFBC}") = "Maple.Tests", "InsireBot.Tests\Maple.Tests.csproj", "{161B76D6-52E4-4842-924B-1D3F1019F6BE}"
	ProjectSection(ProjectDependencies) = postProject
		{C517102D-FA5E-4B12-9F43-0BE202470222} = {C517102D-FA5E-4B12-9F43-0BE202470222}
		{A9B11084-CE8D-4734-8961-3A254841F82E} = {A9B11084-CE8D-4734-8961-3A254841F82E}
	EndProjectSection
EndProject
Project("{FAE04EC0-301F-11D3-BF4B-00C04F79EFBC}") = "Maple.Data", "InsireBot.Data\Maple.Data.csproj", "{B3CD46BE-3C08-4BAE-AE60-A6D84A62400C}"
EndProject
Project("{FAE04EC0-301F-11D3-BF4B-00C04F79EFBC}") = "Maple.Youtube", "InsireBot.Youtube\Maple.Youtube.csproj", "{B5BE546F-8D9F-4FB9-B235-AF05FD553F9E}"
EndProject
Project("{FAE04EC0-301F-11D3-BF4B-00C04F79EFBC}") = "Maple.Twitch", "InsireBot.Twitch\Maple.Twitch.csproj", "{A9B11084-CE8D-4734-8961-3A254841F82E}"
EndProject
Project("{FAE04EC0-301F-11D3-BF4B-00C04F79EFBC}") = "Maple.Discord", "InsireBot.Discord\Maple.Discord.csproj", "{C517102D-FA5E-4B12-9F43-0BE202470222}"
EndProject
Global
	GlobalSection(SolutionConfigurationPlatforms) = preSolution
		AppVeyor|Any CPU = AppVeyor|Any CPU
		AppVeyor|x64 = AppVeyor|x64
		AppVeyor|x86 = AppVeyor|x86
		Debug|Any CPU = Debug|Any CPU
		Debug|x64 = Debug|x64
		Debug|x86 = Debug|x86
		Release|Any CPU = Release|Any CPU
		Release|x64 = Release|x64
		Release|x86 = Release|x86
	EndGlobalSection
	GlobalSection(ProjectConfigurationPlatforms) = postSolution
		{FBD5595B-6859-4E8E-BDFA-C3169EF34985}.AppVeyor|Any CPU.ActiveCfg = Release|Any CPU
		{FBD5595B-6859-4E8E-BDFA-C3169EF34985}.AppVeyor|Any CPU.Build.0 = Release|Any CPU
		{FBD5595B-6859-4E8E-BDFA-C3169EF34985}.AppVeyor|x64.ActiveCfg = Debug|Any CPU
		{FBD5595B-6859-4E8E-BDFA-C3169EF34985}.AppVeyor|x64.Build.0 = Debug|Any CPU
		{FBD5595B-6859-4E8E-BDFA-C3169EF34985}.AppVeyor|x86.ActiveCfg = Release|x86
		{FBD5595B-6859-4E8E-BDFA-C3169EF34985}.AppVeyor|x86.Build.0 = Release|x86
		{FBD5595B-6859-4E8E-BDFA-C3169EF34985}.Debug|Any CPU.ActiveCfg = Debug|Any CPU
		{FBD5595B-6859-4E8E-BDFA-C3169EF34985}.Debug|Any CPU.Build.0 = Debug|Any CPU
		{FBD5595B-6859-4E8E-BDFA-C3169EF34985}.Debug|x64.ActiveCfg = Debug|Any CPU
		{FBD5595B-6859-4E8E-BDFA-C3169EF34985}.Debug|x64.Build.0 = Debug|Any CPU
		{FBD5595B-6859-4E8E-BDFA-C3169EF34985}.Debug|x86.ActiveCfg = Debug|Any CPU
		{FBD5595B-6859-4E8E-BDFA-C3169EF34985}.Debug|x86.Build.0 = Debug|Any CPU
		{FBD5595B-6859-4E8E-BDFA-C3169EF34985}.Release|Any CPU.ActiveCfg = Release|Any CPU
		{FBD5595B-6859-4E8E-BDFA-C3169EF34985}.Release|Any CPU.Build.0 = Release|Any CPU
		{FBD5595B-6859-4E8E-BDFA-C3169EF34985}.Release|x64.ActiveCfg = Release|Any CPU
		{FBD5595B-6859-4E8E-BDFA-C3169EF34985}.Release|x64.Build.0 = Release|Any CPU
		{FBD5595B-6859-4E8E-BDFA-C3169EF34985}.Release|x86.ActiveCfg = Release|x86
		{FBD5595B-6859-4E8E-BDFA-C3169EF34985}.Release|x86.Build.0 = Release|x86
		{21FA5854-0692-42E2-924E-A38CF3C7FF71}.AppVeyor|Any CPU.ActiveCfg = Release|Any CPU
		{21FA5854-0692-42E2-924E-A38CF3C7FF71}.AppVeyor|Any CPU.Build.0 = Release|Any CPU
		{21FA5854-0692-42E2-924E-A38CF3C7FF71}.AppVeyor|x64.ActiveCfg = Release|Any CPU
		{21FA5854-0692-42E2-924E-A38CF3C7FF71}.AppVeyor|x64.Build.0 = Release|Any CPU
		{21FA5854-0692-42E2-924E-A38CF3C7FF71}.AppVeyor|x86.ActiveCfg = Release|Any CPU
		{21FA5854-0692-42E2-924E-A38CF3C7FF71}.AppVeyor|x86.Build.0 = Release|Any CPU
		{21FA5854-0692-42E2-924E-A38CF3C7FF71}.Debug|Any CPU.ActiveCfg = Debug|Any CPU
		{21FA5854-0692-42E2-924E-A38CF3C7FF71}.Debug|Any CPU.Build.0 = Debug|Any CPU
		{21FA5854-0692-42E2-924E-A38CF3C7FF71}.Debug|x64.ActiveCfg = Debug|Any CPU
		{21FA5854-0692-42E2-924E-A38CF3C7FF71}.Debug|x64.Build.0 = Debug|Any CPU
		{21FA5854-0692-42E2-924E-A38CF3C7FF71}.Debug|x86.ActiveCfg = Debug|Any CPU
		{21FA5854-0692-42E2-924E-A38CF3C7FF71}.Debug|x86.Build.0 = Debug|Any CPU
		{21FA5854-0692-42E2-924E-A38CF3C7FF71}.Release|Any CPU.ActiveCfg = Release|Any CPU
		{21FA5854-0692-42E2-924E-A38CF3C7FF71}.Release|Any CPU.Build.0 = Release|Any CPU
		{21FA5854-0692-42E2-924E-A38CF3C7FF71}.Release|x64.ActiveCfg = Release|Any CPU
		{21FA5854-0692-42E2-924E-A38CF3C7FF71}.Release|x64.Build.0 = Release|Any CPU
		{21FA5854-0692-42E2-924E-A38CF3C7FF71}.Release|x86.ActiveCfg = Release|Any CPU
		{21FA5854-0692-42E2-924E-A38CF3C7FF71}.Release|x86.Build.0 = Release|Any CPU
		{A073FC92-90E3-4541-8B52-6F7293187871}.AppVeyor|Any CPU.ActiveCfg = Release|Any CPU
		{A073FC92-90E3-4541-8B52-6F7293187871}.AppVeyor|Any CPU.Build.0 = Release|Any CPU
		{A073FC92-90E3-4541-8B52-6F7293187871}.AppVeyor|x64.ActiveCfg = Release|Any CPU
		{A073FC92-90E3-4541-8B52-6F7293187871}.AppVeyor|x64.Build.0 = Release|Any CPU
		{A073FC92-90E3-4541-8B52-6F7293187871}.AppVeyor|x86.ActiveCfg = Release|Any CPU
		{A073FC92-90E3-4541-8B52-6F7293187871}.AppVeyor|x86.Build.0 = Release|Any CPU
		{A073FC92-90E3-4541-8B52-6F7293187871}.Debug|Any CPU.ActiveCfg = Debug|Any CPU
		{A073FC92-90E3-4541-8B52-6F7293187871}.Debug|Any CPU.Build.0 = Debug|Any CPU
		{A073FC92-90E3-4541-8B52-6F7293187871}.Debug|x64.ActiveCfg = Debug|Any CPU
		{A073FC92-90E3-4541-8B52-6F7293187871}.Debug|x64.Build.0 = Debug|Any CPU
		{A073FC92-90E3-4541-8B52-6F7293187871}.Debug|x86.ActiveCfg = Debug|Any CPU
		{A073FC92-90E3-4541-8B52-6F7293187871}.Debug|x86.Build.0 = Debug|Any CPU
		{A073FC92-90E3-4541-8B52-6F7293187871}.Release|Any CPU.ActiveCfg = Release|Any CPU
		{A073FC92-90E3-4541-8B52-6F7293187871}.Release|Any CPU.Build.0 = Release|Any CPU
		{A073FC92-90E3-4541-8B52-6F7293187871}.Release|x64.ActiveCfg = Release|Any CPU
		{A073FC92-90E3-4541-8B52-6F7293187871}.Release|x64.Build.0 = Release|Any CPU
		{A073FC92-90E3-4541-8B52-6F7293187871}.Release|x86.ActiveCfg = Release|Any CPU
		{A073FC92-90E3-4541-8B52-6F7293187871}.Release|x86.Build.0 = Release|Any CPU
		{161B76D6-52E4-4842-924B-1D3F1019F6BE}.AppVeyor|Any CPU.ActiveCfg = Release|Any CPU
		{161B76D6-52E4-4842-924B-1D3F1019F6BE}.AppVeyor|Any CPU.Build.0 = Release|Any CPU
		{161B76D6-52E4-4842-924B-1D3F1019F6BE}.AppVeyor|x64.ActiveCfg = Release|Any CPU
		{161B76D6-52E4-4842-924B-1D3F1019F6BE}.AppVeyor|x64.Build.0 = Release|Any CPU
		{161B76D6-52E4-4842-924B-1D3F1019F6BE}.AppVeyor|x86.ActiveCfg = Release|Any CPU
		{161B76D6-52E4-4842-924B-1D3F1019F6BE}.AppVeyor|x86.Build.0 = Release|Any CPU
		{161B76D6-52E4-4842-924B-1D3F1019F6BE}.Debug|Any CPU.ActiveCfg = Debug|Any CPU
		{161B76D6-52E4-4842-924B-1D3F1019F6BE}.Debug|Any CPU.Build.0 = Debug|Any CPU
		{161B76D6-52E4-4842-924B-1D3F1019F6BE}.Debug|x64.ActiveCfg = Debug|Any CPU
		{161B76D6-52E4-4842-924B-1D3F1019F6BE}.Debug|x64.Build.0 = Debug|Any CPU
		{161B76D6-52E4-4842-924B-1D3F1019F6BE}.Debug|x86.ActiveCfg = Debug|Any CPU
		{161B76D6-52E4-4842-924B-1D3F1019F6BE}.Debug|x86.Build.0 = Debug|Any CPU
		{161B76D6-52E4-4842-924B-1D3F1019F6BE}.Release|Any CPU.ActiveCfg = Release|Any CPU
		{161B76D6-52E4-4842-924B-1D3F1019F6BE}.Release|Any CPU.Build.0 = Release|Any CPU
		{161B76D6-52E4-4842-924B-1D3F1019F6BE}.Release|x64.ActiveCfg = Release|Any CPU
		{161B76D6-52E4-4842-924B-1D3F1019F6BE}.Release|x64.Build.0 = Release|Any CPU
		{161B76D6-52E4-4842-924B-1D3F1019F6BE}.Release|x86.ActiveCfg = Release|Any CPU
		{161B76D6-52E4-4842-924B-1D3F1019F6BE}.Release|x86.Build.0 = Release|Any CPU
		{B3CD46BE-3C08-4BAE-AE60-A6D84A62400C}.AppVeyor|Any CPU.ActiveCfg = Release|Any CPU
		{B3CD46BE-3C08-4BAE-AE60-A6D84A62400C}.AppVeyor|Any CPU.Build.0 = Release|Any CPU
		{B3CD46BE-3C08-4BAE-AE60-A6D84A62400C}.AppVeyor|x64.ActiveCfg = Release|Any CPU
		{B3CD46BE-3C08-4BAE-AE60-A6D84A62400C}.AppVeyor|x64.Build.0 = Release|Any CPU
		{B3CD46BE-3C08-4BAE-AE60-A6D84A62400C}.AppVeyor|x86.ActiveCfg = Release|Any CPU
		{B3CD46BE-3C08-4BAE-AE60-A6D84A62400C}.AppVeyor|x86.Build.0 = Release|Any CPU
		{B3CD46BE-3C08-4BAE-AE60-A6D84A62400C}.Debug|Any CPU.ActiveCfg = Debug|Any CPU
		{B3CD46BE-3C08-4BAE-AE60-A6D84A62400C}.Debug|Any CPU.Build.0 = Debug|Any CPU
		{B3CD46BE-3C08-4BAE-AE60-A6D84A62400C}.Debug|x64.ActiveCfg = Debug|Any CPU
		{B3CD46BE-3C08-4BAE-AE60-A6D84A62400C}.Debug|x64.Build.0 = Debug|Any CPU
		{B3CD46BE-3C08-4BAE-AE60-A6D84A62400C}.Debug|x86.ActiveCfg = Debug|Any CPU
		{B3CD46BE-3C08-4BAE-AE60-A6D84A62400C}.Debug|x86.Build.0 = Debug|Any CPU
		{B3CD46BE-3C08-4BAE-AE60-A6D84A62400C}.Release|Any CPU.ActiveCfg = Release|Any CPU
		{B3CD46BE-3C08-4BAE-AE60-A6D84A62400C}.Release|Any CPU.Build.0 = Release|Any CPU
		{B3CD46BE-3C08-4BAE-AE60-A6D84A62400C}.Release|x64.ActiveCfg = Release|Any CPU
		{B3CD46BE-3C08-4BAE-AE60-A6D84A62400C}.Release|x64.Build.0 = Release|Any CPU
		{B3CD46BE-3C08-4BAE-AE60-A6D84A62400C}.Release|x86.ActiveCfg = Release|Any CPU
		{B3CD46BE-3C08-4BAE-AE60-A6D84A62400C}.Release|x86.Build.0 = Release|Any CPU
		{B5BE546F-8D9F-4FB9-B235-AF05FD553F9E}.AppVeyor|Any CPU.ActiveCfg = Release|Any CPU
		{B5BE546F-8D9F-4FB9-B235-AF05FD553F9E}.AppVeyor|Any CPU.Build.0 = Release|Any CPU
		{B5BE546F-8D9F-4FB9-B235-AF05FD553F9E}.AppVeyor|x64.ActiveCfg = Release|Any CPU
		{B5BE546F-8D9F-4FB9-B235-AF05FD553F9E}.AppVeyor|x64.Build.0 = Release|Any CPU
		{B5BE546F-8D9F-4FB9-B235-AF05FD553F9E}.AppVeyor|x86.ActiveCfg = Release|Any CPU
		{B5BE546F-8D9F-4FB9-B235-AF05FD553F9E}.AppVeyor|x86.Build.0 = Release|Any CPU
		{B5BE546F-8D9F-4FB9-B235-AF05FD553F9E}.Debug|Any CPU.ActiveCfg = Debug|Any CPU
		{B5BE546F-8D9F-4FB9-B235-AF05FD553F9E}.Debug|Any CPU.Build.0 = Debug|Any CPU
		{B5BE546F-8D9F-4FB9-B235-AF05FD553F9E}.Debug|x64.ActiveCfg = Debug|Any CPU
		{B5BE546F-8D9F-4FB9-B235-AF05FD553F9E}.Debug|x64.Build.0 = Debug|Any CPU
		{B5BE546F-8D9F-4FB9-B235-AF05FD553F9E}.Debug|x86.ActiveCfg = Debug|Any CPU
		{B5BE546F-8D9F-4FB9-B235-AF05FD553F9E}.Debug|x86.Build.0 = Debug|Any CPU
		{B5BE546F-8D9F-4FB9-B235-AF05FD553F9E}.Release|Any CPU.ActiveCfg = Release|Any CPU
		{B5BE546F-8D9F-4FB9-B235-AF05FD553F9E}.Release|Any CPU.Build.0 = Release|Any CPU
		{B5BE546F-8D9F-4FB9-B235-AF05FD553F9E}.Release|x64.ActiveCfg = Release|Any CPU
		{B5BE546F-8D9F-4FB9-B235-AF05FD553F9E}.Release|x64.Build.0 = Release|Any CPU
		{B5BE546F-8D9F-4FB9-B235-AF05FD553F9E}.Release|x86.ActiveCfg = Release|Any CPU
		{B5BE546F-8D9F-4FB9-B235-AF05FD553F9E}.Release|x86.Build.0 = Release|Any CPU
		{A9B11084-CE8D-4734-8961-3A254841F82E}.AppVeyor|Any CPU.ActiveCfg = Release|Any CPU
		{A9B11084-CE8D-4734-8961-3A254841F82E}.AppVeyor|Any CPU.Build.0 = Release|Any CPU
		{A9B11084-CE8D-4734-8961-3A254841F82E}.AppVeyor|x64.ActiveCfg = Release|Any CPU
		{A9B11084-CE8D-4734-8961-3A254841F82E}.AppVeyor|x64.Build.0 = Release|Any CPU
		{A9B11084-CE8D-4734-8961-3A254841F82E}.AppVeyor|x86.ActiveCfg = Release|Any CPU
		{A9B11084-CE8D-4734-8961-3A254841F82E}.AppVeyor|x86.Build.0 = Release|Any CPU
		{A9B11084-CE8D-4734-8961-3A254841F82E}.Debug|Any CPU.ActiveCfg = Debug|Any CPU
		{A9B11084-CE8D-4734-8961-3A254841F82E}.Debug|Any CPU.Build.0 = Debug|Any CPU
		{A9B11084-CE8D-4734-8961-3A254841F82E}.Debug|x64.ActiveCfg = Debug|Any CPU
		{A9B11084-CE8D-4734-8961-3A254841F82E}.Debug|x64.Build.0 = Debug|Any CPU
		{A9B11084-CE8D-4734-8961-3A254841F82E}.Debug|x86.ActiveCfg = Debug|Any CPU
		{A9B11084-CE8D-4734-8961-3A254841F82E}.Debug|x86.Build.0 = Debug|Any CPU
		{A9B11084-CE8D-4734-8961-3A254841F82E}.Release|Any CPU.ActiveCfg = Release|Any CPU
		{A9B11084-CE8D-4734-8961-3A254841F82E}.Release|Any CPU.Build.0 = Release|Any CPU
		{A9B11084-CE8D-4734-8961-3A254841F82E}.Release|x64.ActiveCfg = Release|Any CPU
		{A9B11084-CE8D-4734-8961-3A254841F82E}.Release|x64.Build.0 = Release|Any CPU
		{A9B11084-CE8D-4734-8961-3A254841F82E}.Release|x86.ActiveCfg = Release|Any CPU
		{A9B11084-CE8D-4734-8961-3A254841F82E}.Release|x86.Build.0 = Release|Any CPU
		{C517102D-FA5E-4B12-9F43-0BE202470222}.AppVeyor|Any CPU.ActiveCfg = Release|Any CPU
		{C517102D-FA5E-4B12-9F43-0BE202470222}.AppVeyor|Any CPU.Build.0 = Release|Any CPU
		{C517102D-FA5E-4B12-9F43-0BE202470222}.AppVeyor|x64.ActiveCfg = Release|Any CPU
		{C517102D-FA5E-4B12-9F43-0BE202470222}.AppVeyor|x64.Build.0 = Release|Any CPU
		{C517102D-FA5E-4B12-9F43-0BE202470222}.AppVeyor|x86.ActiveCfg = Release|Any CPU
		{C517102D-FA5E-4B12-9F43-0BE202470222}.AppVeyor|x86.Build.0 = Release|Any CPU
		{C517102D-FA5E-4B12-9F43-0BE202470222}.Debug|Any CPU.ActiveCfg = Debug|Any CPU
		{C517102D-FA5E-4B12-9F43-0BE202470222}.Debug|Any CPU.Build.0 = Debug|Any CPU
		{C517102D-FA5E-4B12-9F43-0BE202470222}.Debug|x64.ActiveCfg = Debug|Any CPU
		{C517102D-FA5E-4B12-9F43-0BE202470222}.Debug|x64.Build.0 = Debug|Any CPU
		{C517102D-FA5E-4B12-9F43-0BE202470222}.Debug|x86.ActiveCfg = Debug|Any CPU
		{C517102D-FA5E-4B12-9F43-0BE202470222}.Debug|x86.Build.0 = Debug|Any CPU
		{C517102D-FA5E-4B12-9F43-0BE202470222}.Release|Any CPU.ActiveCfg = Release|Any CPU
		{C517102D-FA5E-4B12-9F43-0BE202470222}.Release|Any CPU.Build.0 = Release|Any CPU
		{C517102D-FA5E-4B12-9F43-0BE202470222}.Release|x64.ActiveCfg = Release|Any CPU
		{C517102D-FA5E-4B12-9F43-0BE202470222}.Release|x64.Build.0 = Release|Any CPU
		{C517102D-FA5E-4B12-9F43-0BE202470222}.Release|x86.ActiveCfg = Release|Any CPU
		{C517102D-FA5E-4B12-9F43-0BE202470222}.Release|x86.Build.0 = Release|Any CPU
	EndGlobalSection
	GlobalSection(SolutionProperties) = preSolution
		HideSolutionNode = FALSE
	EndGlobalSection
	GlobalSection(Performance) = preSolution
		HasPerformanceSessions = true
	EndGlobalSection
EndGlobal
